{
  "name": "crollerexample",
  "version": "1.0.0",
  "lockfileVersion": 1,
  "requires": true,
  "dependencies": {
    "casper": {
      "version": "0.1.1",
      "resolved": "https://registry.npmjs.org/casper/-/casper-0.1.1.tgz",
      "integrity": "sha1-qerPJphq2twtvHFxtufOtIZnoPc="
    },
    "node-cron": {
      "version": "1.2.1",
      "resolved": "https://registry.npmjs.org/node-cron/-/node-cron-1.2.1.tgz",
      "integrity": "sha1-jJC8XccjpWKJsHhmVatKHEy2A2g="
    }
  }
}
